{
  "name": "rappid-kitchen-sink",
  "version": "2.3.1",
  "lockfileVersion": 1,
  "requires": true,
  "dependencies": {
    "accepts": {
      "version": "1.3.5",
      "resolved": "https://registry.npmjs.org/accepts/-/accepts-1.3.5.tgz",
      "integrity": "sha1-63d99gEXI6OxTopywIBcjoZ0a9I=",
      "dev": true,
      "requires": {
        "mime-types": "~2.1.18",
        "negotiator": "0.6.1"
      }
    },
    "ambi": {
      "version": "2.5.0",
      "resolved": "https://registry.npmjs.org/ambi/-/ambi-2.5.0.tgz",
      "integrity": "sha1-fI43K+SIkRV+fOoBy2+RQ9H3QiA=",
      "dev": true,
      "requires": {
        "editions": "^1.1.1",
        "typechecker": "^4.3.0"
      }
    },
    "apache-crypt": {
      "version": "1.1.2",
      "resolved": "https://registry.npmjs.org/apache-crypt/-/apache-crypt-1.1.2.tgz",
      "integrity": "sha1-ggeCozu2pf0nEggvDtOiTjybAhQ=",
      "dev": true,
      "requires": {
        "unix-crypt-td-js": "^1.0.0"
      }
    },
    "apache-md5": {
      "version": "1.0.6",
      "resolved": "https://registry.npmjs.org/apache-md5/-/apache-md5-1.0.6.tgz",
      "integrity": "sha1-RwI51AxU58Mt2dbrEbw1eOzJA8I=",
      "dev": true
    },
    "basic-auth": {
      "version": "2.0.0",
      "resolved": "https://registry.npmjs.org/basic-auth/-/basic-auth-2.0.0.tgz",
      "integrity": "sha1-AV2z81PgLlY3d1X5YnQuiYHnu7o=",
      "dev": true,
      "requires": {
        "safe-buffer": "5.1.1"
      }
    },
    "batch": {
      "version": "0.6.1",
      "resolved": "https://registry.npmjs.org/batch/-/batch-0.6.1.tgz",
      "integrity": "sha1-3DQxT05nkxgJP8dgJyUl+UvyXBY=",
      "dev": true
    },
    "colors": {
      "version": "1.2.4",
      "resolved": "https://registry.npmjs.org/colors/-/colors-1.2.4.tgz",
      "integrity": "sha512-6Y+iBnWmXL+AWtlOp2Vr6R2w5MUlNJRwR0ShVFaAb1CqWzhPOpQg4L0jxD+xpw/Nc8QJwaq3KM79QUCriY8CWQ==",
      "dev": true
    },
    "connect": {
      "version": "3.4.1",
      "resolved": "https://registry.npmjs.org/connect/-/connect-3.4.1.tgz",
      "integrity": "sha1-ohNh0/QJnvdhzabcSpc7seuwo00=",
      "dev": true,
      "requires": {
        "debug": "~2.2.0",
        "finalhandler": "0.4.1",
        "parseurl": "~1.3.1",
        "utils-merge": "1.0.0"
      }
    },
    "cors": {
      "version": "2.8.4",
      "resolved": "https://registry.npmjs.org/cors/-/cors-2.8.4.tgz",
      "integrity": "sha1-K9OB8usgECAQXNUOpZ2mMJBpRoY=",
      "dev": true,
      "requires": {
        "object-assign": "^4",
        "vary": "^1"
      }
    },
    "csextends": {
      "version": "1.2.0",
      "resolved": "https://registry.npmjs.org/csextends/-/csextends-1.2.0.tgz",
      "integrity": "sha512-S/8k1bDTJIwuGgQYmsRoE+8P+ohV32WhQ0l4zqrc0XDdxOhjQQD7/wTZwCzoZX53jSX3V/qwjT+OkPTxWQcmjg==",
      "dev": true
    },
    "debug": {
      "version": "2.2.0",
      "resolved": "https://registry.npmjs.org/debug/-/debug-2.2.0.tgz",
      "integrity": "sha1-+HBX6ZWxofauaklgZkE3vFbwOdo=",
      "dev": true,
      "requires": {
        "ms": "0.7.1"
      }
    },
    "depd": {
      "version": "1.1.2",
      "resolved": "https://registry.npmjs.org/depd/-/depd-1.1.2.tgz",
      "integrity": "sha1-m81S4UwJd2PnSbJ0xDRu0uVgtak=",
      "dev": true
    },
    "destroy": {
      "version": "1.0.4",
      "resolved": "https://registry.npmjs.org/destroy/-/destroy-1.0.4.tgz",
      "integrity": "sha1-l4hXRCxEdJ5CBmE+N5RiBYJqvYA=",
      "dev": true
    },
    "duplexer": {
      "version": "0.1.1",
      "resolved": "https://registry.npmjs.org/duplexer/-/duplexer-0.1.1.tgz",
      "integrity": "sha1-rOb/gIwc5mtX0ev5eXessCM0z8E=",
      "dev": true
    },
    "eachr": {
      "version": "3.2.0",
      "resolved": "https://registry.npmjs.org/eachr/-/eachr-3.2.0.tgz",
      "integrity": "sha1-LDXkPqCGUW95l8+At6pk1VpKRIQ=",
      "dev": true,
      "requires": {
        "editions": "^1.1.1",
        "typechecker": "^4.3.0"
      }
    },
    "editions": {
      "version": "1.3.4",
      "resolved": "https://registry.npmjs.org/editions/-/editions-1.3.4.tgz",
      "integrity": "sha512-gzao+mxnYDzIysXKMQi/+M1mjy/rjestjg6OPoYTtI+3Izp23oiGZitsl9lPDPiTGXbcSIk1iJWhliSaglxnUg==",
      "dev": true
    },
    "ee-first": {
      "version": "1.1.1",
      "resolved": "https://registry.npmjs.org/ee-first/-/ee-first-1.1.1.tgz",
      "integrity": "sha1-WQxhFWsK4vTwJVcyoViyZrxWsh0=",
      "dev": true
    },
    "encodeurl": {
      "version": "1.0.2",
      "resolved": "https://registry.npmjs.org/encodeurl/-/encodeurl-1.0.2.tgz",
      "integrity": "sha1-rT/0yG7C0CkyL1oCw6mmBslbP1k=",
      "dev": true
    },
    "escape-html": {
      "version": "1.0.3",
      "resolved": "https://registry.npmjs.org/escape-html/-/escape-html-1.0.3.tgz",
      "integrity": "sha1-Aljq5NPQwJdN4cFpGI7wBR0dGYg=",
      "dev": true
    },
    "etag": {
      "version": "1.8.1",
      "resolved": "https://registry.npmjs.org/etag/-/etag-1.8.1.tgz",
      "integrity": "sha1-Qa4u62XvpiJorr/qg6x9eSmbCIc=",
      "dev": true
    },
    "event-stream": {
      "version": "3.3.4",
      "resolved": "http://registry.npmjs.org/event-stream/-/event-stream-3.3.4.tgz",
      "integrity": "sha1-SrTJoPWlTbkzi0w02Gv86PSzVXE=",
      "dev": true,
      "requires": {
        "duplexer": "~0.1.1",
        "from": "~0",
        "map-stream": "~0.1.0",
        "pause-stream": "0.0.11",
        "split": "0.3",
        "stream-combiner": "~0.0.4",
        "through": "~2.3.1"
      }
    },
    "extendr": {
      "version": "3.3.0",
      "resolved": "https://registry.npmjs.org/extendr/-/extendr-3.3.0.tgz",
      "integrity": "sha512-BmBSu+KOX2XOo3XMECiekGY8VAr3O4aGYgOaHQDNg2ez5rOYW+SDfNStao4VNzr+6N27Vw3A7HJKJMrHmAAXvQ==",
      "dev": true,
      "requires": {
        "editions": "^1.3.3",
        "typechecker": "^4.4.1"
      }
    },
    "extract-opts": {
      "version": "3.3.1",
      "resolved": "https://registry.npmjs.org/extract-opts/-/extract-opts-3.3.1.tgz",
      "integrity": "sha1-WrvtyYwNUgLjJ4cn+Rktfghsa+E=",
      "dev": true,
      "requires": {
        "eachr": "^3.2.0",
        "editions": "^1.1.1",
        "typechecker": "^4.3.0"
      }
    },
    "faye-websocket": {
      "version": "0.11.1",
      "resolved": "https://registry.npmjs.org/faye-websocket/-/faye-websocket-0.11.1.tgz",
      "integrity": "sha1-8O/hjE9W5PQK/H4Gxxn9XuYYjzg=",
      "dev": true,
      "requires": {
        "websocket-driver": ">=0.5.1"
      }
    },
    "finalhandler": {
      "version": "0.4.1",
      "resolved": "https://registry.npmjs.org/finalhandler/-/finalhandler-0.4.1.tgz",
      "integrity": "sha1-haF8bFmpRxfSYtYSMNSw6+PUoU0=",
      "dev": true,
      "requires": {
        "debug": "~2.2.0",
        "escape-html": "~1.0.3",
        "on-finished": "~2.3.0",
        "unpipe": "~1.0.0"
      }
    },
    "fresh": {
      "version": "0.5.2",
      "resolved": "https://registry.npmjs.org/fresh/-/fresh-0.5.2.tgz",
      "integrity": "sha1-PYyt2Q2XZWn6g1qx+OSyOhBWBac=",
      "dev": true
    },
    "from": {
      "version": "0.1.7",
      "resolved": "https://registry.npmjs.org/from/-/from-0.1.7.tgz",
      "integrity": "sha1-g8YK/Fi5xWmXAH7Rp2izqzA6RP4=",
      "dev": true
    },
    "graceful-fs": {
      "version": "4.1.11",
      "resolved": "https://registry.npmjs.org/graceful-fs/-/graceful-fs-4.1.11.tgz",
      "integrity": "sha1-Dovf5NHduIVNZOBOp8AOKgJuVlg=",
      "dev": true
    },
    "http-auth": {
      "version": "2.4.11",
      "resolved": "https://registry.npmjs.org/http-auth/-/http-auth-2.4.11.tgz",
      "integrity": "sha1-YfAkpuDnxIk0lEiVyHoTlVCcYZs=",
      "dev": true,
      "requires": {
        "apache-crypt": "1.1.2",
        "apache-md5": "1.0.6",
        "node-uuid": "^1.4.7"
      }
    },
    "http-errors": {
      "version": "1.6.3",
      "resolved": "https://registry.npmjs.org/http-errors/-/http-errors-1.6.3.tgz",
      "integrity": "sha1-i1VoC7S+KDoLW/TqLjhYC+HZMg0=",
      "dev": true,
      "requires": {
        "depd": "~1.1.2",
        "inherits": "2.0.3",
        "setprototypeof": "1.1.0",
        "statuses": ">= 1.4.0 < 2"
      }
    },
    "http-parser-js": {
      "version": "0.4.12",
      "resolved": "https://registry.npmjs.org/http-parser-js/-/http-parser-js-0.4.12.tgz",
      "integrity": "sha1-uc+/Sizybw/DSxDKFImid3HjR08=",
      "dev": true
    },
    "ignorefs": {
      "version": "1.2.0",
      "resolved": "https://registry.npmjs.org/ignorefs/-/ignorefs-1.2.0.tgz",
      "integrity": "sha1-2ln7hYl25KXkNwLM0fKC/byeV1Y=",
      "dev": true,
      "requires": {
        "editions": "^1.3.3",
        "ignorepatterns": "^1.1.0"
      }
    },
    "ignorepatterns": {
      "version": "1.1.0",
      "resolved": "https://registry.npmjs.org/ignorepatterns/-/ignorepatterns-1.1.0.tgz",
      "integrity": "sha1-rI9DbyI5td+2bV8NOpBKh6xnzF4=",
      "dev": true
    },
    "inherits": {
      "version": "2.0.3",
      "resolved": "https://registry.npmjs.org/inherits/-/inherits-2.0.3.tgz",
      "integrity": "sha1-Yzwsg+PaQqUC9SRmAiSA9CCCYd4=",
      "dev": true
    },
    "is-wsl": {
      "version": "1.1.0",
      "resolved": "https://registry.npmjs.org/is-wsl/-/is-wsl-1.1.0.tgz",
      "integrity": "sha1-HxbkqiKwTRM2tmGIpmrzxgDDpm0=",
      "dev": true
    },
    "live-server": {
      "version": "1.1.0",
      "resolved": "https://registry.npmjs.org/live-server/-/live-server-1.1.0.tgz",
      "integrity": "sha1-pp8ObKWB4DkapXlBlw4XwwjdSGk=",
      "dev": true,
      "requires": {
        "colors": "^1.2.4",
        "connect": "3.4.x",
        "cors": "^2.8.4",
        "event-stream": "^3.3.4",
        "faye-websocket": "0.11.x",
        "http-auth": "2.4.x",
        "morgan": "^1.6.1",
        "object-assign": "^4.1.1",
        "opn": "^5.3.0",
        "proxy-middleware": "^0.15.0",
        "send": "^0.16.2",
        "serve-index": "^1.7.2",
        "watchr": "2.6.x"
      }
    },
    "map-stream": {
      "version": "0.1.0",
      "resolved": "https://registry.npmjs.org/map-stream/-/map-stream-0.1.0.tgz",
      "integrity": "sha1-5WqpTEyAVaFkBKBnS3jyFffI4ZQ=",
      "dev": true
    },
    "mime": {
      "version": "1.4.1",
      "resolved": "https://registry.npmjs.org/mime/-/mime-1.4.1.tgz",
      "integrity": "sha512-KI1+qOZu5DcW6wayYHSzR/tXKCDC5Om4s1z2QJjDULzLcmf3DvzS7oluY4HCTrc+9FiKmWUgeNLg7W3uIQvxtQ==",
      "dev": true
    },
    "mime-db": {
      "version": "1.33.0",
      "resolved": "https://registry.npmjs.org/mime-db/-/mime-db-1.33.0.tgz",
      "integrity": "sha512-BHJ/EKruNIqJf/QahvxwQZXKygOQ256myeN/Ew+THcAa5q+PjyTTMMeNQC4DZw5AwfvelsUrA6B67NKMqXDbzQ==",
      "dev": true
    },
    "mime-types": {
      "version": "2.1.18",
      "resolved": "https://registry.npmjs.org/mime-types/-/mime-types-2.1.18.tgz",
      "integrity": "sha512-lc/aahn+t4/SWV/qcmumYjymLsWfN3ELhpmVuUFjgsORruuZPVSwAQryq+HHGvO/SI2KVX26bx+En+zhM8g8hQ==",
      "dev": true,
      "requires": {
        "mime-db": "~1.33.0"
      }
    },
    "morgan": {
      "version": "1.9.0",
      "resolved": "https://registry.npmjs.org/morgan/-/morgan-1.9.0.tgz",
      "integrity": "sha1-0B+mxlhZt2/PMbPLU6OCGjEdgFE=",
      "dev": true,
      "requires": {
        "basic-auth": "~2.0.0",
        "debug": "2.6.9",
        "depd": "~1.1.1",
        "on-finished": "~2.3.0",
        "on-headers": "~1.0.1"
      },
      "dependencies": {
        "debug": {
          "version": "2.6.9",
          "resolved": "https://registry.npmjs.org/debug/-/debug-2.6.9.tgz",
          "integrity": "sha512-bC7ElrdJaJnPbAP+1EotYvqZsb3ecl5wi6Bfi6BJTUcNowp6cvspg0jXznRTKDjm/E7AdgFBVeAPVMNcKGsHMA==",
          "dev": true,
          "requires": {
            "ms": "2.0.0"
          }
        },
        "ms": {
          "version": "2.0.0",
          "resolved": "https://registry.npmjs.org/ms/-/ms-2.0.0.tgz",
          "integrity": "sha1-VgiurfwAvmwpAd9fmGF4jeDVl8g=",
          "dev": true
        }
      }
    },
    "ms": {
      "version": "0.7.1",
      "resolved": "https://registry.npmjs.org/ms/-/ms-0.7.1.tgz",
      "integrity": "sha1-nNE8A62/8ltl7/3nzoZO6VIBcJg=",
      "dev": true
    },
    "negotiator": {
      "version": "0.6.1",
      "resolved": "https://registry.npmjs.org/negotiator/-/negotiator-0.6.1.tgz",
      "integrity": "sha1-KzJxhOiZIQEXeyhWP7XnECrNDKk=",
      "dev": true
    },
    "node-uuid": {
      "version": "1.4.8",
      "resolved": "https://registry.npmjs.org/node-uuid/-/node-uuid-1.4.8.tgz",
      "integrity": "sha1-sEDrCSOWivq/jTL7HxfxFn/auQc=",
      "dev": true
    },
    "object-assign": {
      "version": "4.1.1",
      "resolved": "https://registry.npmjs.org/object-assign/-/object-assign-4.1.1.tgz",
      "integrity": "sha1-IQmtx5ZYh8/AXLvUQsrIv7s2CGM=",
      "dev": true
    },
    "on-finished": {
      "version": "2.3.0",
      "resolved": "https://registry.npmjs.org/on-finished/-/on-finished-2.3.0.tgz",
      "integrity": "sha1-IPEzZIGwg811M3mSoWlxqi2QaUc=",
      "dev": true,
      "requires": {
        "ee-first": "1.1.1"
      }
    },
    "on-headers": {
      "version": "1.0.1",
      "resolved": "https://registry.npmjs.org/on-headers/-/on-headers-1.0.1.tgz",
      "integrity": "sha1-ko9dD0cNSTQmUepnlLCFfBAGk/c=",
      "dev": true
    },
    "opn": {
      "version": "5.3.0",
      "resolved": "https://registry.npmjs.org/opn/-/opn-5.3.0.tgz",
      "integrity": "sha512-bYJHo/LOmoTd+pfiYhfZDnf9zekVJrY+cnS2a5F2x+w5ppvTqObojTP7WiFG+kVZs9Inw+qQ/lw7TroWwhdd2g==",
      "dev": true,
      "requires": {
        "is-wsl": "^1.1.0"
      }
    },
    "parseurl": {
      "version": "1.3.2",
      "resolved": "https://registry.npmjs.org/parseurl/-/parseurl-1.3.2.tgz",
      "integrity": "sha1-/CidTtiZMRlGDBViUyYs3I3mW/M=",
      "dev": true
    },
    "pause-stream": {
      "version": "0.0.11",
      "resolved": "https://registry.npmjs.org/pause-stream/-/pause-stream-0.0.11.tgz",
      "integrity": "sha1-/lo0sMvOErWqaitAPuLnO2AvFEU=",
      "dev": true,
      "requires": {
        "through": "~2.3"
      }
    },
    "proxy-middleware": {
      "version": "0.15.0",
      "resolved": "https://registry.npmjs.org/proxy-middleware/-/proxy-middleware-0.15.0.tgz",
      "integrity": "sha1-o/3xvvtzD5UZZYcqwvYHTGFHelY=",
      "dev": true
    },
    "range-parser": {
      "version": "1.2.0",
      "resolved": "https://registry.npmjs.org/range-parser/-/range-parser-1.2.0.tgz",
      "integrity": "sha1-9JvmtIeJTdxA3MlKMi9hEJLgDV4=",
      "dev": true
    },
    "safe-buffer": {
      "version": "5.1.1",
      "resolved": "https://registry.npmjs.org/safe-buffer/-/safe-buffer-5.1.1.tgz",
      "integrity": "sha512-kKvNJn6Mm93gAczWVJg7wH+wGYWNrDHdWvpUmHyEsgCtIwwo3bqPtV4tR5tuPaUhTOo/kvhVwd8XwwOllGYkbg==",
      "dev": true
    },
    "safefs": {
      "version": "4.1.0",
      "resolved": "https://registry.npmjs.org/safefs/-/safefs-4.1.0.tgz",
      "integrity": "sha1-+CrrS9165R9lPrIPZyizBYyNZEU=",
      "dev": true,
      "requires": {
        "editions": "^1.1.1",
        "graceful-fs": "^4.1.4"
      }
    },
    "scandirectory": {
      "version": "2.5.0",
      "resolved": "https://registry.npmjs.org/scandirectory/-/scandirectory-2.5.0.tgz",
      "integrity": "sha1-bOA/VKCQtmjjy+2/IO354xBZPnI=",
      "dev": true,
      "requires": {
        "ignorefs": "^1.0.0",
        "safefs": "^3.1.2",
        "taskgroup": "^4.0.5"
      },
      "dependencies": {
        "safefs": {
          "version": "3.2.2",
          "resolved": "https://registry.npmjs.org/safefs/-/safefs-3.2.2.tgz",
          "integrity": "sha1-gXDBRE1wOOCMrqBaN0+uL6NJ4Vw=",
          "dev": true,
          "requires": {
            "graceful-fs": "*"
          }
        },
        "taskgroup": {
          "version": "4.3.1",
          "resolved": "https://registry.npmjs.org/taskgroup/-/taskgroup-4.3.1.tgz",
          "integrity": "sha1-feGT/r12gnPEV3MElwJNUSwnkVo=",
          "dev": true,
          "requires": {
            "ambi": "^2.2.0",
            "csextends": "^1.0.3"
          }
        }
      }
    },
    "send": {
      "version": "0.16.2",
      "resolved": "https://registry.npmjs.org/send/-/send-0.16.2.tgz",
      "integrity": "sha512-E64YFPUssFHEFBvpbbjr44NCLtI1AohxQ8ZSiJjQLskAdKuriYEP6VyGEsRDH8ScozGpkaX1BGvhanqCwkcEZw==",
      "dev": true,
      "requires": {
        "debug": "2.6.9",
        "depd": "~1.1.2",
        "destroy": "~1.0.4",
        "encodeurl": "~1.0.2",
        "escape-html": "~1.0.3",
        "etag": "~1.8.1",
        "fresh": "0.5.2",
        "http-errors": "~1.6.2",
        "mime": "1.4.1",
        "ms": "2.0.0",
        "on-finished": "~2.3.0",
        "range-parser": "~1.2.0",
        "statuses": "~1.4.0"
      },
      "dependencies": {
        "debug": {
          "version": "2.6.9",
          "resolved": "https://registry.npmjs.org/debug/-/debug-2.6.9.tgz",
          "integrity": "sha512-bC7ElrdJaJnPbAP+1EotYvqZsb3ecl5wi6Bfi6BJTUcNowp6cvspg0jXznRTKDjm/E7AdgFBVeAPVMNcKGsHMA==",
          "dev": true,
          "requires": {
            "ms": "2.0.0"
          }
        },
        "ms": {
          "version": "2.0.0",
          "resolved": "https://registry.npmjs.org/ms/-/ms-2.0.0.tgz",
          "integrity": "sha1-VgiurfwAvmwpAd9fmGF4jeDVl8g=",
          "dev": true
        }
      }
    },
    "serve-index": {
      "version": "1.9.1",
      "resolved": "https://registry.npmjs.org/serve-index/-/serve-index-1.9.1.tgz",
      "integrity": "sha1-03aNabHn2C5c4FD/9bRTvqEqkjk=",
      "dev": true,
      "requires": {
        "accepts": "~1.3.4",
        "batch": "0.6.1",
        "debug": "2.6.9",
        "escape-html": "~1.0.3",
        "http-errors": "~1.6.2",
        "mime-types": "~2.1.17",
        "parseurl": "~1.3.2"
      },
      "dependencies": {
        "debug": {
          "version": "2.6.9",
          "resolved": "https://registry.npmjs.org/debug/-/debug-2.6.9.tgz",
          "integrity": "sha512-bC7ElrdJaJnPbAP+1EotYvqZsb3ecl5wi6Bfi6BJTUcNowp6cvspg0jXznRTKDjm/E7AdgFBVeAPVMNcKGsHMA==",
          "dev": true,
          "requires": {
            "ms": "2.0.0"
          }
        },
        "ms": {
          "version": "2.0.0",
          "resolved": "https://registry.npmjs.org/ms/-/ms-2.0.0.tgz",
          "integrity": "sha1-VgiurfwAvmwpAd9fmGF4jeDVl8g=",
          "dev": true
        }
      }
    },
    "setprototypeof": {
      "version": "1.1.0",
      "resolved": "https://registry.npmjs.org/setprototypeof/-/setprototypeof-1.1.0.tgz",
      "integrity": "sha512-BvE/TwpZX4FXExxOxZyRGQQv651MSwmWKZGqvmPcRIjDqWub67kTKuIMx43cZZrS/cBBzwBcNDWoFxt2XEFIpQ==",
      "dev": true
    },
    "split": {
      "version": "0.3.3",
      "resolved": "https://registry.npmjs.org/split/-/split-0.3.3.tgz",
      "integrity": "sha1-zQ7qXmOiEd//frDwkcQTPi0N0o8=",
      "dev": true,
      "requires": {
        "through": "2"
      }
    },
    "statuses": {
      "version": "1.4.0",
      "resolved": "https://registry.npmjs.org/statuses/-/statuses-1.4.0.tgz",
      "integrity": "sha512-zhSCtt8v2NDrRlPQpCNtw/heZLtfUDqxBM1udqikb/Hbk52LK4nQSwr10u77iopCW5LsyHpuXS0GnEc48mLeew==",
      "dev": true
    },
    "stream-combiner": {
      "version": "0.0.4",
      "resolved": "https://registry.npmjs.org/stream-combiner/-/stream-combiner-0.0.4.tgz",
      "integrity": "sha1-TV5DPBhSYd3mI8o/RMWGvPXErRQ=",
      "dev": true,
      "requires": {
        "duplexer": "~0.1.1"
      }
    },
    "taskgroup": {
      "version": "5.0.1",
      "resolved": "https://registry.npmjs.org/taskgroup/-/taskgroup-5.0.1.tgz",
      "integrity": "sha1-CHNsmyRoOxQ0d0Ix60tzqnw/ebU=",
      "dev": true,
      "requires": {
        "ambi": "^2.5.0",
        "eachr": "^3.2.0",
        "editions": "^1.1.1",
        "extendr": "^3.2.0"
      }
    },
    "through": {
      "version": "2.3.8",
      "resolved": "https://registry.npmjs.org/through/-/through-2.3.8.tgz",
      "integrity": "sha1-DdTJ/6q8NXlgsbckEV1+Doai4fU=",
      "dev": true
    },
    "typechecker": {
      "version": "4.5.0",
      "resolved": "https://registry.npmjs.org/typechecker/-/typechecker-4.5.0.tgz",
      "integrity": "sha512-bqPE/ck3bVIaXP7gMKTKSHrypT32lpYTpiqzPYeYzdSQnmaGvaGhy7TnN/M/+5R+2rs/kKcp9ZLPRp/Q9Yj+4w==",
      "dev": true,
      "requires": {
        "editions": "^1.3.4"
      }
    },
    "unix-crypt-td-js": {
      "version": "1.0.0",
      "resolved": "https://registry.npmjs.org/unix-crypt-td-js/-/unix-crypt-td-js-1.0.0.tgz",
      "integrity": "sha1-HAgkFQSBvHoB1J6Y8exmjYJBLzs=",
      "dev": true
    },
    "unpipe": {
      "version": "1.0.0",
      "resolved": "https://registry.npmjs.org/unpipe/-/unpipe-1.0.0.tgz",
      "integrity": "sha1-sr9O6FFKrmFltIF4KdIbLvSZBOw=",
      "dev": true
    },
    "utils-merge": {
      "version": "1.0.0",
      "resolved": "https://registry.npmjs.org/utils-merge/-/utils-merge-1.0.0.tgz",
      "integrity": "sha1-ApT7kiu5N1FTVBxPcJYjHyh8ivg=",
      "dev": true
    },
    "vary": {
      "version": "1.1.2",
      "resolved": "https://registry.npmjs.org/vary/-/vary-1.1.2.tgz",
      "integrity": "sha1-IpnwLG3tMNSllhsLn3RSShj2NPw=",
      "dev": true
    },
    "watchr": {
      "version": "2.6.0",
      "resolved": "https://registry.npmjs.org/watchr/-/watchr-2.6.0.tgz",
      "integrity": "sha1-51xCOxC+eSZ6DD73bi6hBP4CZ6U=",
      "dev": true,
      "requires": {
        "eachr": "^3.2.0",
        "extendr": "^3.2.2",
        "extract-opts": "^3.3.1",
        "ignorefs": "^1.1.1",
        "safefs": "^4.1.0",
        "scandirectory": "^2.5.0",
        "taskgroup": "^5.0.1",
        "typechecker": "^4.3.0"
      }
    },
    "websocket-driver": {
      "version": "0.7.0",
      "resolved": "https://registry.npmjs.org/websocket-driver/-/websocket-driver-0.7.0.tgz",
      "integrity": "sha1-DK+dLXVdk67gSdS90NP+LMoqJOs=",
      "dev": true,
      "requires": {
        "http-parser-js": ">=0.4.0",
        "websocket-extensions": ">=0.1.1"
      }
    },
    "websocket-extensions": {
      "version": "0.1.3",
      "resolved": "https://registry.npmjs.org/websocket-extensions/-/websocket-extensions-0.1.3.tgz",
      "integrity": "sha512-nqHUnMXmBzT0w570r2JpJxfiSD1IzoI+HGVdd3aZ0yNi3ngvQ4jv1dtHt5VGxfI2yj5yqImPhOK4vmIh2xMbGg==",
      "dev": true
    }
  }
}
